// !$*UTF8*$!
{
	archiveVersion = 1;
	classes = {
	};
	objectVersion = 46;
	objects = {

/* Begin PBXBuildFile section */
		DAA95E471E5DC2E9006E9ECC /* main.m in Sources */ = {isa = PBXBuildFile; fileRef = DAA95E461E5DC2E9006E9ECC /* main.m */; };
		DAA95E4A1E5DC2E9006E9ECC /* AppDelegate.m in Sources */ = {isa = PBXBuildFile; fileRef = DAA95E491E5DC2E9006E9ECC /* AppDelegate.m */; };
		DAA95E4D1E5DC2E9006E9ECC /* ViewController.m in Sources */ = {isa = PBXBuildFile; fileRef = DAA95E4C1E5DC2E9006E9ECC /* ViewController.m */; };
		DAA95E501E5DC2E9006E9ECC /* Main.storyboard in Resources */ = {isa = PBXBuildFile; fileRef = DAA95E4E1E5DC2E9006E9ECC /* Main.storyboard */; };
		DAA95E521E5DC2E9006E9ECC /* Assets.xcassets in Resources */ = {isa = PBXBuildFile; fileRef = DAA95E511E5DC2E9006E9ECC /* Assets.xcassets */; };
		DAA95E551E5DC2E9006E9ECC /* LaunchScreen.storyboard in Resources */ = {isa = PBXBuildFile; fileRef = DAA95E531E5DC2E9006E9ECC /* LaunchScreen.storyboard */; };
/* End PBXBuildFile section */

/* Begin PBXFileReference section */
		DAA95E421E5DC2E9006E9ECC /* HelloWorld.app */ = {isa = PBXFileReference; explicitFileType = wrapper.application; includeInIndex = 0; path = HelloWorld.app; sourceTree = BUILT_PRODUCTS_DIR; };
		DAA95E461E5DC2E9006E9ECC /* main.m */ = {isa = PBXFileReference; lastKnownFileType = sourcecode.c.objc; path = main.m; sourceTree = "<group>"; };
		DAA95E481E5DC2E9006E9ECC /* AppDelegate.h */ = {isa = PBXFileReference; lastKnownFileType = sourcecode.c.h; path = AppDelegate.h; sourceTree = "<group>"; };
		DAA95E491E5DC2E9006E9ECC /* AppDelegate.m */ = {isa = PBXFileReference; lastKnownFileType = sourcecode.c.objc; path = AppDelegate.m; sourceTree = "<group>"; };
		DAA95E4B1E5DC2E9006E9ECC /* ViewController.h */ = {isa = PBXFileReference; lastKnownFileType = sourcecode.c.h; path = ViewController.h; sourceTree = "<group>"; };
		DAA95E4C1E5DC2E9006E9ECC /* ViewController.m */ = {isa = PBXFileReference; lastKnownFileType = sourcecode.c.objc; path = ViewController.m; sourceTree = "<group>"; };
		DAA95E4F1E5DC2E9006E9ECC /* Base */ = {isa = PBXFileReference; lastKnownFileType = file.storyboard; name = Base; path = Base.lproj/Main.storyboard; sourceTree = "<group>"; };
		DAA95E511E5DC2E9006E9ECC /* Assets.xcassets */ = {isa = PBXFileReference; lastKnownFileType = folder.assetcatalog; path = Assets.xcassets; sourceTree = "<group>"; };
		DAA95E541E5DC2E9006E9ECC /* Base */ = {isa = PBXFileReference; lastKnownFileType = file.storyboard; name = Base; path = Base.lproj/LaunchScreen.storyboard; sourceTree = "<group>"; };
		DAA95E561E5DC2E9006E9ECC /* Info.plist */ = {isa = PBXFileReference; lastKnownFileType = text.plist.xml; path = Info.plist; sourceTree = "<group>"; };
/* End PBXFileReference section */

/* Begin PBXFrameworksBuildPhase section */
		DAA95E3F1E5DC2E9006E9ECC /* Frameworks */ = {
			isa = PBXFrameworksBuildPhase;
			buildActionMask = 2147483647;
			files = (
			);
			runOnlyForDeploymentPostprocessing = 0;
		};
/* End PBXFrameworksBuildPhase section */

/* Begin PBXGroup section */
		DAA95E391E5DC2E8006E9ECC = {
			isa = PBXGroup;
			children = (
				DAA95E441E5DC2E9006E9ECC /* HelloWorld */,
				DAA95E431E5DC2E9006E9ECC /* Products */,
			);
			sourceTree = "<group>";
		};
		DAA95E431E5DC2E9006E9ECC /* Products */ = {
			isa = PBXGroup;
			children = (
				DAA95E421E5DC2E9006E9ECC /* HelloWorld.app */,
			);
			name = Products;
			sourceTree = "<group>";
		};
		DAA95E441E5DC2E9006E9ECC /* HelloWorld */ = {
			isa = PBXGroup;
			children = (
				DAA95E481E5DC2E9006E9ECC /* AppDelegate.h */,
				DAA95E491E5DC2E9006E9ECC /* AppDelegate.m */,
				DAA95E4B1E5DC2E9006E9ECC /* ViewController.h */,
				DAA95E4C1E5DC2E9006E9ECC /* ViewController.m */,
				DAA95E4E1E5DC2E9006E9ECC /* Main.storyboard */,
				DAA95E511E5DC2E9006E9ECC /* Assets.xcassets */,
				DAA95E531E5DC2E9006E9ECC /* LaunchScreen.storyboard */,
				DAA95E561E5DC2E9006E9ECC /* Info.plist */,
				DAA95E451E5DC2E9006E9ECC /* Supporting Files */,
			);
			path = HelloWorld;
			sourceTree = "<group>";
		};
		DAA95E451E5DC2E9006E9ECC /* Supporting Files */ = {
			isa = PBXGroup;
			children = (
				DAA95E461E5DC2E9006E9ECC /* main.m */,
			);
			name = "Supporting Files";
			sourceTree = "<group>";
		};
/* End PBXGroup section */

/* Begin PBXNativeTarget section */
		DAA95E411E5DC2E9006E9ECC /* HelloWorld */ = {
			isa = PBXNativeTarget;
			buildConfigurationList = DAA95E591E5DC2E9006E9ECC /* Build configuration list for PBXNativeTarget "HelloWorld" */;
			buildPhases = (
				DAA95E3E1E5DC2E9006E9ECC /* Sources */,
				DAA95E3F1E5DC2E9006E9ECC /* Frameworks */,
				DAA95E401E5DC2E9006E9ECC /* Resources */,
			);
			buildRules = (
			);
			dependencies = (
			);
			name = HelloWorld;
			productName = HelloWorld;
			productReference = DAA95E421E5DC2E9006E9ECC /* HelloWorld.app */;
			productType = "com.apple.product-type.application";
		};
/* End PBXNativeTarget section */

/* Begin PBXProject section */
		DAA95E3A1E5DC2E8006E9ECC /* Project object */ = {
			isa = PBXProject;
			attributes = {
				LastUpgradeCheck = 0800;
				ORGANIZATIONNAME = ZERO;
				TargetAttributes = {
					DAA95E411E5DC2E9006E9ECC = {
						CreatedOnToolsVersion = 8.0;
						ProvisioningStyle = Automatic;
					};
				};
			};
			buildConfigurationList = DAA95E3D1E5DC2E8006E9ECC /* Build configuration list for PBXProject "HelloWorld" */;
			compatibilityVersion = "Xcode 3.2";
			developmentRegion = English;
			hasScannedForEncodings = 0;
			knownRegions = (
				en,
				Base,
			);
			mainGroup = DAA95E391E5DC2E8006E9ECC;
			productRefGroup = DAA95E431E5DC2E9006E9ECC /* Products */;
			projectDirPath = "";
			projectRoot = "";
			targets = (
				DAA95E411E5DC2E9006E9ECC /* HelloWorld */,
			);
		};
/* End PBXProject section */

/* Begin PBXResourcesBuildPhase section */
		DAA95E401E5DC2E9006E9ECC /* Resources */ = {
			isa = PBXResourcesBuildPhase;
			buildActionMask = 2147483647;
			files = (
				DAA95E551E5DC2E9006E9ECC /* LaunchScreen.storyboard in Resources */,
				DAA95E521E5DC2E9006E9ECC /* Assets.xcassets in Resources */,
				DAA95E501E5DC2E9006E9ECC /* Main.storyboard in Resources */,
			);
			runOnlyForDeploymentPostprocessing = 0;
		};
/* End PBXResourcesBuildPhase section */

/* Begin PBXSourcesBuildPhase section */
		DAA95E3E1E5DC2E9006E9ECC /* Sources */ = {
			isa = PBXSourcesBuildPhase;
			buildActionMask = 2147483647;
			files = (
				DAA95E4D1E5DC2E9006E9ECC /* ViewController.m in Sources */,
				DAA95E4A1E5DC2E9006E9ECC /* AppDelegate.m in Sources */,
				DAA95E471E5DC2E9006E9ECC /* main.m in Sources */,
			);
			runOnlyForDeploymentPostprocessing = 0;
		};
/* End PBXSourcesBuildPhase section */

/* Begin PBXVariantGroup section */
		DAA95E4E1E5DC2E9006E9ECC /* Main.storyboard */ = {
			isa = PBXVariantGroup;
			children = (
				DAA95E4F1E5DC2E9006E9ECC /* Base */,
			);
			name = Main.storyboard;
			sourceTree = "<group>";
		};
		DAA95E531E5DC2E9006E9ECC /* LaunchScreen.storyboard */ = {
			isa = PBXVariantGroup;
			children = (
				DAA95E541E5DC2E9006E9ECC /* Base */,
			);
			name = LaunchScreen.storyboard;
			sourceTree = "<group>";
		};
/* End PBXVariantGroup section */

/* Begin XCBuildConfiguration section */
		DAA95E571E5DC2E9006E9ECC /* Debug */ = {
			isa = XCBuildConfiguration;
			buildSettings = {
				ALWAYS_SEARCH_USER_PATHS = NO;
				CLANG_ANALYZER_NONNULL = YES;
				CLANG_CXX_LANGUAGE_STANDARD = "gnu++0x";
				CLANG_CXX_LIBRARY = "libc++";
				CLANG_ENABLE_MODULES = YES;
				CLANG_ENABLE_OBJC_ARC = YES;
				CLANG_WARN_BOOL_CONVERSION = YES;
				CLANG_WARN_CONSTANT_CONVERSION = YES;
				CLANG_WARN_DIRECT_OBJC_ISA_USAGE = YES_ERROR;
				CLANG_WARN_DOCUMENTATION_COMMENTS = YES;
				CLANG_WARN_EMPTY_BODY = YES;
				CLANG_WARN_ENUM_CONVERSION = YES;
				CLANG_WARN_INFINITE_RECURSION = YES;
				CLANG_WARN_INT_CONVERSION = YES;
				CLANG_WARN_OBJC_ROOT_CLASS = YES_ERROR;
				CLANG_WARN_SUSPICIOUS_MOVES = YES;
				CLANG_WARN_UNREACHABLE_CODE = YES;
				CLANG_WARN__DUPLICATE_METHOD_MATCH = YES;
				"CODE_SIGN_IDENTITY[sdk=iphoneos*]" = "iPhone Developer";
				COPY_PHASE_STRIP = NO;
				DEBUG_INFORMATION_FORMAT = dwarf;
				ENABLE_STRICT_OBJC_MSGSEND = YES;
				ENABLE_TESTABILITY = YES;
				GCC_C_LANGUAGE_STANDARD = gnu99;
				GCC_DYNAMIC_NO_PIC = NO;
				GCC_NO_COMMON_BLOCKS = YES;
				GCC_OPTIMIZATION_LEVEL = 0;
				GCC_PREPROCESSOR_DEFINITIONS = (
					"DEBUG=1",
					"$(inherited)",
				);
				GCC_WARN_64_TO_32_BIT_CONVERSION = YES;
				GCC_WARN_ABOUT_RETURN_TYPE = YES_ERROR;
				GCC_WARN_UNDECLARED_SELECTOR = YES;
				GCC_WARN_UNINITIALIZED_AUTOS = YES_AGGRESSIVE;
				GCC_WARN_UNUSED_FUNCTION = YES;
				GCC_WARN_UNUSED_VARIABLE = YES;
				IPHONEOS_DEPLOYMENT_TARGET = 10.0;
				MTL_ENABLE_DEBUG_INFO = YES;
				ONLY_ACTIVE_ARCH = YES;
				SDKROOT = iphoneos;
			};
			name = Debug;
		};
		DAA95E581E5DC2E9006E9ECC /* Release */ = {
			isa = XCBuildConfiguration;
			buildSettings = {
				ALWAYS_SEARCH_USER_PATHS = NO;
				CLANG_ANALYZER_NONNULL = YES;
				CLANG_CXX_LANGUAGE_STANDARD = "gnu++0x";
				CLANG_CXX_LIBRARY = "libc++";
				CLANG_ENABLE_MODULES = YES;
				CLANG_ENABLE_OBJC_ARC = YES;
				CLANG_WARN_BOOL_CONVERSION = YES;
				CLANG_WARN_CONSTANT_CONVERSION = YES;
				CLANG_WARN_DIRECT_OBJC_ISA_USAGE = YES_ERROR;
				CLANG_WARN_DOCUMENTATION_COMMENTS = YES;
				CLANG_WARN_EMPTY_BODY = YES;
				CLANG_WARN_ENUM_CONVERSION = YES;
				CLANG_WARN_INFINITE_RECURSION = YES;
				CLANG_WARN_INT_CONVERSION = YES;
				CLANG_WARN_OBJC_ROOT_CLASS = YES_ERROR;
				CLANG_WARN_SUSPICIOUS_MOVES = YES;
				CLANG_WARN_UNREACHABLE_CODE = YES;
				CLANG_WARN__DUPLICATE_METHOD_MATCH = YES;
				"CODE_SIGN_IDENTITY[sdk=iphoneos*]" = "iPhone Developer";
				COPY_PHASE_STRIP = NO;
				DEBUG_INFORMATION_FORMAT = "dwarf-with-dsym";
				ENABLE_NS_ASSERTIONS = NO;
				ENABLE_STRICT_OBJC_MSGSEND = YES;
				GCC_C_LANGUAGE_STANDARD = gnu99;
				GCC_NO_COMMON_BLOCKS = YES;
				GCC_WARN_64_TO_32_BIT_CONVERSION = YES;
				GCC_WARN_ABOUT_RETURN_TYPE = YES_ERROR;
				GCC_WARN_UNDECLARED_SELECTOR = YES;
				GCC_WARN_UNINITIALIZED_AUTOS = YES_AGGRESSIVE;
				GCC_WARN_UNUSED_FUNCTION = YES;
				GCC_WARN_UNUSED_VARIABLE = YES;
				IPHONEOS_DEPLOYMENT_TARGET = 10.0;
				MTL_ENABLE_DEBUG_INFO = NO;
				SDKROOT = iphoneos;
				VALIDATE_PRODUCT = YES;
			};
			name = Release;
		};
		DAA95E5A1E5DC2E9006E9ECC /* Debug */ = {
			isa = XCBuildConfiguration;
			buildSettings = {
				ASSETCATALOG_COMPILER_APPICON_NAME = AppIcon;
				INFOPLIST_FILE = HelloWorld/Info.plist;
				LD_RUNPATH_SEARCH_PATHS = "$(inherited) @executable_path/Frameworks";
				PRODUCT_BUNDLE_IDENTIFIER = com.zero.HelloWorld;
				PRODUCT_NAME = "$(TARGET_NAME)";
			};
			name = Debug;
		};
		DAA95E5B1E5DC2E9006E9ECC /* Release */ = {
			isa = XCBuildConfiguration;
			buildSettings = {
				ASSETCATALOG_COMPILER_APPICON_NAME = AppIcon;
				INFOPLIST_FILE = HelloWorld/Info.plist;
				LD_RUNPATH_SEARCH_PATHS = "$(inherited) @executable_path/Frameworks";
				PRODUCT_BUNDLE_IDENTIFIER = com.zero.HelloWorld;
				PRODUCT_NAME = "$(TARGET_NAME)";
			};
			name = Release;
		};
/* End XCBuildConfiguration section */

/* Begin XCConfigurationList section */
		DAA95E3D1E5DC2E8006E9ECC /* Build configuration list for PBXProject "HelloWorld" */ = {
			isa = XCConfigurationList;
			buildConfigurations = (
				DAA95E571E5DC2E9006E9ECC /* Debug */,
				DAA95E581E5DC2E9006E9ECC /* Release */,
			);
			defaultConfigurationIsVisible = 0;
			defaultConfigurationName = Release;
		};
		DAA95E591E5DC2E9006E9ECC /* Build configuration list for PBXNativeTarget "HelloWorld" */ = {
			isa = XCConfigurationList;
			buildConfigurations = (
				DAA95E5A1E5DC2E9006E9ECC /* Debug */,
				DAA95E5B1E5DC2E9006E9ECC /* Release */,
			);
			defaultConfigurationIsVisible = 0;
		};
/* End XCConfigurationList section */
	};
	rootObject = DAA95E3A1E5DC2E8006E9ECC /* Project object */;
}
